
Microsoft Visual Studio Solution File, Format Version 12.00
# Visual Studio Version 17
VisualStudioVersion = 17.3.32819.101
MinimumVisualStudioVersion = 10.0.40219.1
Project("{FAE04EC0-301F-11D3-BF4B-00C04F79EFBC}") = "WebQuanLySinhVien.API", "WebQuanLySinhVien.API\WebQuanLySinhVien.API.csproj", "{0C04D7DC-28E2-4A31-B3B6-EDF94CF92CB4}"
EndProject
Global
	GlobalSection(SolutionConfigurationPlatforms) = preSolution
		Debug|Any CPU = Debug|Any CPU
		Release|Any CPU = Release|Any CPU
	EndGlobalSection
	GlobalSection(ProjectConfigurationPlatforms) = postSolution
		{0C04D7DC-28E2-4A31-B3B6-EDF94CF92CB4}.Debug|Any CPU.ActiveCfg = Debug|Any CPU
		{0C04D7DC-28E2-4A31-B3B6-EDF94CF92CB4}.Debug|Any CPU.Build.0 = Debug|Any CPU
		{0C04D7DC-28E2-4A31-B3B6-EDF94CF92CB4}.Release|Any CPU.ActiveCfg = Release|Any CPU
		{0C04D7DC-28E2-4A31-B3B6-EDF94CF92CB4}.Release|Any CPU.Build.0 = Release|Any CPU
	EndGlobalSection
	GlobalSection(SolutionProperties) = preSolution
		HideSolutionNode = FALSE
	EndGlobalSection
	GlobalSection(ExtensibilityGlobals) = postSolution
		SolutionGuid = {8EAFAC3F-8B53-4214-80A1-AD5BDE1A7CF8}
	EndGlobalSection
EndGlobal
